// !$*UTF8*$!
{
	archiveVersion = 1;
	classes = {
	};
	objectVersion = 56;
	objects = {

/* Begin PBXBuildFile section */
		C43DFC9F2A867E9A0093631C /* SWPlanetsMVVMApp.swift in Sources */ = {isa = PBXBuildFile; fileRef = C43DFC9E2A867E9A0093631C /* SWPlanetsMVVMApp.swift */; };
		C43DFCA12A867E9A0093631C /* ContentView.swift in Sources */ = {isa = PBXBuildFile; fileRef = C43DFCA02A867E9A0093631C /* ContentView.swift */; };
		C43DFCA32A867E9B0093631C /* Assets.xcassets in Resources */ = {isa = PBXBuildFile; fileRef = C43DFCA22A867E9B0093631C /* Assets.xcassets */; };
		C43DFCA62A867E9B0093631C /* Preview Assets.xcassets in Resources */ = {isa = PBXBuildFile; fileRef = C43DFCA52A867E9B0093631C /* Preview Assets.xcassets */; };
		C43DFCA82A867E9B0093631C /* Item.swift in Sources */ = {isa = PBXBuildFile; fileRef = C43DFCA72A867E9B0093631C /* Item.swift */; };
		C43DFCB22A867E9C0093631C /* SWPlanetsMVVMTests.swift in Sources */ = {isa = PBXBuildFile; fileRef = C43DFCB12A867E9C0093631C /* SWPlanetsMVVMTests.swift */; };
		C43DFCBC2A867E9C0093631C /* SWPlanetsMVVMUITests.swift in Sources */ = {isa = PBXBuildFile; fileRef = C43DFCBB2A867E9C0093631C /* SWPlanetsMVVMUITests.swift */; };
		C43DFCBE2A867E9C0093631C /* SWPlanetsMVVMUITestsLaunchTests.swift in Sources */ = {isa = PBXBuildFile; fileRef = C43DFCBD2A867E9C0093631C /* SWPlanetsMVVMUITestsLaunchTests.swift */; };
		C43DFCCF2A8680FF0093631C /* PlanetModel.swift in Sources */ = {isa = PBXBuildFile; fileRef = C43DFCCE2A8680FF0093631C /* PlanetModel.swift */; };
		C43DFCD12A8682D80093631C /* NetworkManager.swift in Sources */ = {isa = PBXBuildFile; fileRef = C43DFCD02A8682D80093631C /* NetworkManager.swift */; };
		C43DFCD32A8684320093631C /* PlanetViewModel.swift in Sources */ = {isa = PBXBuildFile; fileRef = C43DFCD22A8684320093631C /* PlanetViewModel.swift */; };
		C43DFCD52A8686520093631C /* PlanetList.swift in Sources */ = {isa = PBXBuildFile; fileRef = C43DFCD42A8686520093631C /* PlanetList.swift */; };
		C43DFCD72A86892F0093631C /* DetailView.swift in Sources */ = {isa = PBXBuildFile; fileRef = C43DFCD62A86892F0093631C /* DetailView.swift */; };
/* End PBXBuildFile section */

/* Begin PBXContainerItemProxy section */
		C43DFCAE2A867E9C0093631C /* PBXContainerItemProxy */ = {
			isa = PBXContainerItemProxy;
			containerPortal = C43DFC932A867E9A0093631C /* Project object */;
			proxyType = 1;
			remoteGlobalIDString = C43DFC9A2A867E9A0093631C;
			remoteInfo = SWPlanetsMVVM;
		};
		C43DFCB82A867E9C0093631C /* PBXContainerItemProxy */ = {
			isa = PBXContainerItemProxy;
			containerPortal = C43DFC932A867E9A0093631C /* Project object */;
			proxyType = 1;
			remoteGlobalIDString = C43DFC9A2A867E9A0093631C;
			remoteInfo = SWPlanetsMVVM;
		};
/* End PBXContainerItemProxy section */

/* Begin PBXFileReference section */
		C43DFC9B2A867E9A0093631C /* SWPlanetsMVVM.app */ = {isa = PBXFileReference; explicitFileType = wrapper.application; includeInIndex = 0; path = SWPlanetsMVVM.app; sourceTree = BUILT_PRODUCTS_DIR; };
		C43DFC9E2A867E9A0093631C /* SWPlanetsMVVMApp.swift */ = {isa = PBXFileReference; lastKnownFileType = sourcecode.swift; path = SWPlanetsMVVMApp.swift; sourceTree = "<group>"; };
		C43DFCA02A867E9A0093631C /* ContentView.swift */ = {isa = PBXFileReference; lastKnownFileType = sourcecode.swift; path = ContentView.swift; sourceTree = "<group>"; };
		C43DFCA22A867E9B0093631C /* Assets.xcassets */ = {isa = PBXFileReference; lastKnownFileType = folder.assetcatalog; path = Assets.xcassets; sourceTree = "<group>"; };
		C43DFCA52A867E9B0093631C /* Preview Assets.xcassets */ = {isa = PBXFileReference; lastKnownFileType = folder.assetcatalog; path = "Preview Assets.xcassets"; sourceTree = "<group>"; };
		C43DFCA72A867E9B0093631C /* Item.swift */ = {isa = PBXFileReference; lastKnownFileType = sourcecode.swift; path = Item.swift; sourceTree = "<group>"; };
		C43DFCAD2A867E9C0093631C /* SWPlanetsMVVMTests.xctest */ = {isa = PBXFileReference; explicitFileType = wrapper.cfbundle; includeInIndex = 0; path = SWPlanetsMVVMTests.xctest; sourceTree = BUILT_PRODUCTS_DIR; };
		C43DFCB12A867E9C0093631C /* SWPlanetsMVVMTests.swift */ = {isa = PBXFileReference; lastKnownFileType = sourcecode.swift; path = SWPlanetsMVVMTests.swift; sourceTree = "<group>"; };
		C43DFCB72A867E9C0093631C /* SWPlanetsMVVMUITests.xctest */ = {isa = PBXFileReference; explicitFileType = wrapper.cfbundle; includeInIndex = 0; path = SWPlanetsMVVMUITests.xctest; sourceTree = BUILT_PRODUCTS_DIR; };
		C43DFCBB2A867E9C0093631C /* SWPlanetsMVVMUITests.swift */ = {isa = PBXFileReference; lastKnownFileType = sourcecode.swift; path = SWPlanetsMVVMUITests.swift; sourceTree = "<group>"; };
		C43DFCBD2A867E9C0093631C /* SWPlanetsMVVMUITestsLaunchTests.swift */ = {isa = PBXFileReference; lastKnownFileType = sourcecode.swift; path = SWPlanetsMVVMUITestsLaunchTests.swift; sourceTree = "<group>"; };
		C43DFCCE2A8680FF0093631C /* PlanetModel.swift */ = {isa = PBXFileReference; lastKnownFileType = sourcecode.swift; path = PlanetModel.swift; sourceTree = "<group>"; };
		C43DFCD02A8682D80093631C /* NetworkManager.swift */ = {isa = PBXFileReference; lastKnownFileType = sourcecode.swift; path = NetworkManager.swift; sourceTree = "<group>"; };
		C43DFCD22A8684320093631C /* PlanetViewModel.swift */ = {isa = PBXFileReference; lastKnownFileType = sourcecode.swift; path = PlanetViewModel.swift; sourceTree = "<group>"; };
		C43DFCD42A8686520093631C /* PlanetList.swift */ = {isa = PBXFileReference; lastKnownFileType = sourcecode.swift; path = PlanetList.swift; sourceTree = "<group>"; };
		C43DFCD62A86892F0093631C /* DetailView.swift */ = {isa = PBXFileReference; lastKnownFileType = sourcecode.swift; path = DetailView.swift; sourceTree = "<group>"; };
/* End PBXFileReference section */

/* Begin PBXFrameworksBuildPhase section */
		C43DFC982A867E9A0093631C /* Frameworks */ = {
			isa = PBXFrameworksBuildPhase;
			buildActionMask = 2147483647;
			files = (
			);
			runOnlyForDeploymentPostprocessing = 0;
		};
		C43DFCAA2A867E9C0093631C /* Frameworks */ = {
			isa = PBXFrameworksBuildPhase;
			buildActionMask = 2147483647;
			files = (
			);
			runOnlyForDeploymentPostprocessing = 0;
		};
		C43DFCB42A867E9C0093631C /* Frameworks */ = {
			isa = PBXFrameworksBuildPhase;
			buildActionMask = 2147483647;
			files = (
			);
			runOnlyForDeploymentPostprocessing = 0;
		};
/* End PBXFrameworksBuildPhase section */

/* Begin PBXGroup section */
		C43DFC922A867E9A0093631C = {
			isa = PBXGroup;
			children = (
				C43DFC9D2A867E9A0093631C /* SWPlanetsMVVM */,
				C43DFCB02A867E9C0093631C /* SWPlanetsMVVMTests */,
				C43DFCBA2A867E9C0093631C /* SWPlanetsMVVMUITests */,
				C43DFC9C2A867E9A0093631C /* Products */,
			);
			sourceTree = "<group>";
		};
		C43DFC9C2A867E9A0093631C /* Products */ = {
			isa = PBXGroup;
			children = (
				C43DFC9B2A867E9A0093631C /* SWPlanetsMVVM.app */,
				C43DFCAD2A867E9C0093631C /* SWPlanetsMVVMTests.xctest */,
				C43DFCB72A867E9C0093631C /* SWPlanetsMVVMUITests.xctest */,
			);
			name = Products;
			sourceTree = "<group>";
		};
		C43DFC9D2A867E9A0093631C /* SWPlanetsMVVM */ = {
			isa = PBXGroup;
			children = (
				C43DFCCD2A86801C0093631C /* Views */,
				C43DFCCC2A86800F0093631C /* ViewModel */,
				C43DFCCB2A8680000093631C /* Services */,
				C43DFCCA2A867FF70093631C /* Models */,
				C43DFC9E2A867E9A0093631C /* SWPlanetsMVVMApp.swift */,
				C43DFCA02A867E9A0093631C /* ContentView.swift */,
				C43DFCA22A867E9B0093631C /* Assets.xcassets */,
				C43DFCA72A867E9B0093631C /* Item.swift */,
				C43DFCA42A867E9B0093631C /* Preview Content */,
			);
			path = SWPlanetsMVVM;
			sourceTree = "<group>";
		};
		C43DFCA42A867E9B0093631C /* Preview Content */ = {
			isa = PBXGroup;
			children = (
				C43DFCA52A867E9B0093631C /* Preview Assets.xcassets */,
			);
			path = "Preview Content";
			sourceTree = "<group>";
		};
		C43DFCB02A867E9C0093631C /* SWPlanetsMVVMTests */ = {
			isa = PBXGroup;
			children = (
				C43DFCB12A867E9C0093631C /* SWPlanetsMVVMTests.swift */,
			);
			path = SWPlanetsMVVMTests;
			sourceTree = "<group>";
		};
		C43DFCBA2A867E9C0093631C /* SWPlanetsMVVMUITests */ = {
			isa = PBXGroup;
			children = (
				C43DFCBB2A867E9C0093631C /* SWPlanetsMVVMUITests.swift */,
				C43DFCBD2A867E9C0093631C /* SWPlanetsMVVMUITestsLaunchTests.swift */,
			);
			path = SWPlanetsMVVMUITests;
			sourceTree = "<group>";
		};
		C43DFCCA2A867FF70093631C /* Models */ = {
			isa = PBXGroup;
			children = (
				C43DFCCE2A8680FF0093631C /* PlanetModel.swift */,
			);
			path = Models;
			sourceTree = "<group>";
		};
		C43DFCCB2A8680000093631C /* Services */ = {
			isa = PBXGroup;
			children = (
				C43DFCD02A8682D80093631C /* NetworkManager.swift */,
			);
			path = Services;
			sourceTree = "<group>";
		};
		C43DFCCC2A86800F0093631C /* ViewModel */ = {
			isa = PBXGroup;
			children = (
				C43DFCD22A8684320093631C /* PlanetViewModel.swift */,
			);
			path = ViewModel;
			sourceTree = "<group>";
		};
		C43DFCCD2A86801C0093631C /* Views */ = {
			isa = PBXGroup;
			children = (
				C43DFCD42A8686520093631C /* PlanetList.swift */,
				C43DFCD62A86892F0093631C /* DetailView.swift */,
			);
			path = Views;
			sourceTree = "<group>";
		};
/* End PBXGroup section */

/* Begin PBXNativeTarget section */
		C43DFC9A2A867E9A0093631C /* SWPlanetsMVVM */ = {
			isa = PBXNativeTarget;
			buildConfigurationList = C43DFCC12A867E9C0093631C /* Build configuration list for PBXNativeTarget "SWPlanetsMVVM" */;
			buildPhases = (
				C43DFC972A867E9A0093631C /* Sources */,
				C43DFC982A867E9A0093631C /* Frameworks */,
				C43DFC992A867E9A0093631C /* Resources */,
			);
			buildRules = (
			);
			dependencies = (
			);
			name = SWPlanetsMVVM;
			productName = SWPlanetsMVVM;
			productReference = C43DFC9B2A867E9A0093631C /* SWPlanetsMVVM.app */;
			productType = "com.apple.product-type.application";
		};
		C43DFCAC2A867E9C0093631C /* SWPlanetsMVVMTests */ = {
			isa = PBXNativeTarget;
			buildConfigurationList = C43DFCC42A867E9C0093631C /* Build configuration list for PBXNativeTarget "SWPlanetsMVVMTests" */;
			buildPhases = (
				C43DFCA92A867E9C0093631C /* Sources */,
				C43DFCAA2A867E9C0093631C /* Frameworks */,
				C43DFCAB2A867E9C0093631C /* Resources */,
			);
			buildRules = (
			);
			dependencies = (
				C43DFCAF2A867E9C0093631C /* PBXTargetDependency */,
			);
			name = SWPlanetsMVVMTests;
			productName = SWPlanetsMVVMTests;
			productReference = C43DFCAD2A867E9C0093631C /* SWPlanetsMVVMTests.xctest */;
			productType = "com.apple.product-type.bundle.unit-test";
		};
		C43DFCB62A867E9C0093631C /* SWPlanetsMVVMUITests */ = {
			isa = PBXNativeTarget;
			buildConfigurationList = C43DFCC72A867E9C0093631C /* Build configuration list for PBXNativeTarget "SWPlanetsMVVMUITests" */;
			buildPhases = (
				C43DFCB32A867E9C0093631C /* Sources */,
				C43DFCB42A867E9C0093631C /* Frameworks */,
				C43DFCB52A867E9C0093631C /* Resources */,
			);
			buildRules = (
			);
			dependencies = (
				C43DFCB92A867E9C0093631C /* PBXTargetDependency */,
			);
			name = SWPlanetsMVVMUITests;
			productName = SWPlanetsMVVMUITests;
			productReference = C43DFCB72A867E9C0093631C /* SWPlanetsMVVMUITests.xctest */;
			productType = "com.apple.product-type.bundle.ui-testing";
		};
/* End PBXNativeTarget section */

/* Begin PBXProject section */
		C43DFC932A867E9A0093631C /* Project object */ = {
			isa = PBXProject;
			attributes = {
				BuildIndependentTargetsInParallel = 1;
				LastSwiftUpdateCheck = 1500;
				LastUpgradeCheck = 1500;
				TargetAttributes = {
					C43DFC9A2A867E9A0093631C = {
						CreatedOnToolsVersion = 15.0;
					};
					C43DFCAC2A867E9C0093631C = {
						CreatedOnToolsVersion = 15.0;
						TestTargetID = C43DFC9A2A867E9A0093631C;
					};
					C43DFCB62A867E9C0093631C = {
						CreatedOnToolsVersion = 15.0;
						TestTargetID = C43DFC9A2A867E9A0093631C;
					};
				};
			};
			buildConfigurationList = C43DFC962A867E9A0093631C /* Build configuration list for PBXProject "SWPlanetsMVVM" */;
			compatibilityVersion = "Xcode 14.0";
			developmentRegion = en;
			hasScannedForEncodings = 0;
			knownRegions = (
				en,
				Base,
			);
			mainGroup = C43DFC922A867E9A0093631C;
			productRefGroup = C43DFC9C2A867E9A0093631C /* Products */;
			projectDirPath = "";
			projectRoot = "";
			targets = (
				C43DFC9A2A867E9A0093631C /* SWPlanetsMVVM */,
				C43DFCAC2A867E9C0093631C /* SWPlanetsMVVMTests */,
				C43DFCB62A867E9C0093631C /* SWPlanetsMVVMUITests */,
			);
		};
/* End PBXProject section */

/* Begin PBXResourcesBuildPhase section */
		C43DFC992A867E9A0093631C /* Resources */ = {
			isa = PBXResourcesBuildPhase;
			buildActionMask = 2147483647;
			files = (
				C43DFCA62A867E9B0093631C /* Preview Assets.xcassets in Resources */,
				C43DFCA32A867E9B0093631C /* Assets.xcassets in Resources */,
			);
			runOnlyForDeploymentPostprocessing = 0;
		};
		C43DFCAB2A867E9C0093631C /* Resources */ = {
			isa = PBXResourcesBuildPhase;
			buildActionMask = 2147483647;
			files = (
			);
			runOnlyForDeploymentPostprocessing = 0;
		};
		C43DFCB52A867E9C0093631C /* Resources */ = {
			isa = PBXResourcesBuildPhase;
			buildActionMask = 2147483647;
			files = (
			);
			runOnlyForDeploymentPostprocessing = 0;
		};
/* End PBXResourcesBuildPhase section */

/* Begin PBXSourcesBuildPhase section */
		C43DFC972A867E9A0093631C /* Sources */ = {
			isa = PBXSourcesBuildPhase;
			buildActionMask = 2147483647;
			files = (
				C43DFCA12A867E9A0093631C /* ContentView.swift in Sources */,
				C43DFCD72A86892F0093631C /* DetailView.swift in Sources */,
				C43DFCCF2A8680FF0093631C /* PlanetModel.swift in Sources */,
				C43DFCD52A8686520093631C /* PlanetList.swift in Sources */,
				C43DFCD12A8682D80093631C /* NetworkManager.swift in Sources */,
				C43DFCA82A867E9B0093631C /* Item.swift in Sources */,
				C43DFCD32A8684320093631C /* PlanetViewModel.swift in Sources */,
				C43DFC9F2A867E9A0093631C /* SWPlanetsMVVMApp.swift in Sources */,
			);
			runOnlyForDeploymentPostprocessing = 0;
		};
		C43DFCA92A867E9C0093631C /* Sources */ = {
			isa = PBXSourcesBuildPhase;
			buildActionMask = 2147483647;
			files = (
				C43DFCB22A867E9C0093631C /* SWPlanetsMVVMTests.swift in Sources */,
			);
			runOnlyForDeploymentPostprocessing = 0;
		};
		C43DFCB32A867E9C0093631C /* Sources */ = {
			isa = PBXSourcesBuildPhase;
			buildActionMask = 2147483647;
			files = (
				C43DFCBE2A867E9C0093631C /* SWPlanetsMVVMUITestsLaunchTests.swift in Sources */,
				C43DFCBC2A867E9C0093631C /* SWPlanetsMVVMUITests.swift in Sources */,
			);
			runOnlyForDeploymentPostprocessing = 0;
		};
/* End PBXSourcesBuildPhase section */

/* Begin PBXTargetDependency section */
		C43DFCAF2A867E9C0093631C /* PBXTargetDependency */ = {
			isa = PBXTargetDependency;
			target = C43DFC9A2A867E9A0093631C /* SWPlanetsMVVM */;
			targetProxy = C43DFCAE2A867E9C0093631C /* PBXContainerItemProxy */;
		};
		C43DFCB92A867E9C0093631C /* PBXTargetDependency */ = {
			isa = PBXTargetDependency;
			target = C43DFC9A2A867E9A0093631C /* SWPlanetsMVVM */;
			targetProxy = C43DFCB82A867E9C0093631C /* PBXContainerItemProxy */;
		};
/* End PBXTargetDependency section */

/* Begin XCBuildConfiguration section */
		C43DFCBF2A867E9C0093631C /* Debug */ = {
			isa = XCBuildConfiguration;
			buildSettings = {
				ALWAYS_SEARCH_USER_PATHS = NO;
				ASSETCATALOG_COMPILER_GENERATE_SWIFT_ASSET_SYMBOL_EXTENSIONS = YES;
				CLANG_ANALYZER_NONNULL = YES;
				CLANG_ANALYZER_NUMBER_OBJECT_CONVERSION = YES_AGGRESSIVE;
				CLANG_CXX_LANGUAGE_STANDARD = "gnu++20";
				CLANG_ENABLE_MODULES = YES;
				CLANG_ENABLE_OBJC_ARC = YES;
				CLANG_ENABLE_OBJC_WEAK = YES;
				CLANG_WARN_BLOCK_CAPTURE_AUTORELEASING = YES;
				CLANG_WARN_BOOL_CONVERSION = YES;
				CLANG_WARN_COMMA = YES;
				CLANG_WARN_CONSTANT_CONVERSION = YES;
				CLANG_WARN_DEPRECATED_OBJC_IMPLEMENTATIONS = YES;
				CLANG_WARN_DIRECT_OBJC_ISA_USAGE = YES_ERROR;
				CLANG_WARN_DOCUMENTATION_COMMENTS = YES;
				CLANG_WARN_EMPTY_BODY = YES;
				CLANG_WARN_ENUM_CONVERSION = YES;
				CLANG_WARN_INFINITE_RECURSION = YES;
				CLANG_WARN_INT_CONVERSION = YES;
				CLANG_WARN_NON_LITERAL_NULL_CONVERSION = YES;
				CLANG_WARN_OBJC_IMPLICIT_RETAIN_SELF = YES;
				CLANG_WARN_OBJC_LITERAL_CONVERSION = YES;
				CLANG_WARN_OBJC_ROOT_CLASS = YES_ERROR;
				CLANG_WARN_QUOTED_INCLUDE_IN_FRAMEWORK_HEADER = YES;
				CLANG_WARN_RANGE_LOOP_ANALYSIS = YES;
				CLANG_WARN_STRICT_PROTOTYPES = YES;
				CLANG_WARN_SUSPICIOUS_MOVE = YES;
				CLANG_WARN_UNGUARDED_AVAILABILITY = YES_AGGRESSIVE;
				CLANG_WARN_UNREACHABLE_CODE = YES;
				CLANG_WARN__DUPLICATE_METHOD_MATCH = YES;
				COPY_PHASE_STRIP = NO;
				DEBUG_INFORMATION_FORMAT = dwarf;
				ENABLE_STRICT_OBJC_MSGSEND = YES;
				ENABLE_TESTABILITY = YES;
				ENABLE_USER_SCRIPT_SANDBOXING = YES;
				GCC_C_LANGUAGE_STANDARD = gnu17;
				GCC_DYNAMIC_NO_PIC = NO;
				GCC_NO_COMMON_BLOCKS = YES;
				GCC_OPTIMIZATION_LEVEL = 0;
				GCC_PREPROCESSOR_DEFINITIONS = (
					"DEBUG=1",
					"$(inherited)",
				);
				GCC_WARN_64_TO_32_BIT_CONVERSION = YES;
				GCC_WARN_ABOUT_RETURN_TYPE = YES_ERROR;
				GCC_WARN_UNDECLARED_SELECTOR = YES;
				GCC_WARN_UNINITIALIZED_AUTOS = YES_AGGRESSIVE;
				GCC_WARN_UNUSED_FUNCTION = YES;
				GCC_WARN_UNUSED_VARIABLE = YES;
				IPHONEOS_DEPLOYMENT_TARGET = 17.0;
				LOCALIZATION_PREFERS_STRING_CATALOGS = YES;
				MTL_ENABLE_DEBUG_INFO = INCLUDE_SOURCE;
				MTL_FAST_MATH = YES;
				ONLY_ACTIVE_ARCH = YES;
				SDKROOT = iphoneos;
				SWIFT_ACTIVE_COMPILATION_CONDITIONS = "DEBUG $(inherited)";
				SWIFT_OPTIMIZATION_LEVEL = "-Onone";
			};
			name = Debug;
		};
		C43DFCC02A867E9C0093631C /* Release */ = {
			isa = XCBuildConfiguration;
			buildSettings = {
				ALWAYS_SEARCH_USER_PATHS = NO;
				ASSETCATALOG_COMPILER_GENERATE_SWIFT_ASSET_SYMBOL_EXTENSIONS = YES;
				CLANG_ANALYZER_NONNULL = YES;
				CLANG_ANALYZER_NUMBER_OBJECT_CONVERSION = YES_AGGRESSIVE;
				CLANG_CXX_LANGUAGE_STANDARD = "gnu++20";
				CLANG_ENABLE_MODULES = YES;
				CLANG_ENABLE_OBJC_ARC = YES;
				CLANG_ENABLE_OBJC_WEAK = YES;
				CLANG_WARN_BLOCK_CAPTURE_AUTORELEASING = YES;
				CLANG_WARN_BOOL_CONVERSION = YES;
				CLANG_WARN_COMMA = YES;
				CLANG_WARN_CONSTANT_CONVERSION = YES;
				CLANG_WARN_DEPRECATED_OBJC_IMPLEMENTATIONS = YES;
				CLANG_WARN_DIRECT_OBJC_ISA_USAGE = YES_ERROR;
				CLANG_WARN_DOCUMENTATION_COMMENTS = YES;
				CLANG_WARN_EMPTY_BODY = YES;
				CLANG_WARN_ENUM_CONVERSION = YES;
				CLANG_WARN_INFINITE_RECURSION = YES;
				CLANG_WARN_INT_CONVERSION = YES;
				CLANG_WARN_NON_LITERAL_NULL_CONVERSION = YES;
				CLANG_WARN_OBJC_IMPLICIT_RETAIN_SELF = YES;
				CLANG_WARN_OBJC_LITERAL_CONVERSION = YES;
				CLANG_WARN_OBJC_ROOT_CLASS = YES_ERROR;
				CLANG_WARN_QUOTED_INCLUDE_IN_FRAMEWORK_HEADER = YES;
				CLANG_WARN_RANGE_LOOP_ANALYSIS = YES;
				CLANG_WARN_STRICT_PROTOTYPES = YES;
				CLANG_WARN_SUSPICIOUS_MOVE = YES;
				CLANG_WARN_UNGUARDED_AVAILABILITY = YES_AGGRESSIVE;
				CLANG_WARN_UNREACHABLE_CODE = YES;
				CLANG_WARN__DUPLICATE_METHOD_MATCH = YES;
				COPY_PHASE_STRIP = NO;
				DEBUG_INFORMATION_FORMAT = "dwarf-with-dsym";
				ENABLE_NS_ASSERTIONS = NO;
				ENABLE_STRICT_OBJC_MSGSEND = YES;
				ENABLE_USER_SCRIPT_SANDBOXING = YES;
				GCC_C_LANGUAGE_STANDARD = gnu17;
				GCC_NO_COMMON_BLOCKS = YES;
				GCC_WARN_64_TO_32_BIT_CONVERSION = YES;
				GCC_WARN_ABOUT_RETURN_TYPE = YES_ERROR;
				GCC_WARN_UNDECLARED_SELECTOR = YES;
				GCC_WARN_UNINITIALIZED_AUTOS = YES_AGGRESSIVE;
				GCC_WARN_UNUSED_FUNCTION = YES;
				GCC_WARN_UNUSED_VARIABLE = YES;
				IPHONEOS_DEPLOYMENT_TARGET = 17.0;
				LOCALIZATION_PREFERS_STRING_CATALOGS = YES;
				MTL_ENABLE_DEBUG_INFO = NO;
				MTL_FAST_MATH = YES;
				SDKROOT = iphoneos;
				SWIFT_COMPILATION_MODE = wholemodule;
				VALIDATE_PRODUCT = YES;
			};
			name = Release;
		};
		C43DFCC22A867E9C0093631C /* Debug */ = {
			isa = XCBuildConfiguration;
			buildSettings = {
				ASSETCATALOG_COMPILER_APPICON_NAME = AppIcon;
				ASSETCATALOG_COMPILER_GLOBAL_ACCENT_COLOR_NAME = AccentColor;
				CODE_SIGN_STYLE = Automatic;
				CURRENT_PROJECT_VERSION = 1;
				DEVELOPMENT_ASSET_PATHS = "\"SWPlanetsMVVM/Preview Content\"";
				DEVELOPMENT_TEAM = X28T8ZG28R;
				ENABLE_PREVIEWS = YES;
				GENERATE_INFOPLIST_FILE = YES;
				INFOPLIST_KEY_UIApplicationSceneManifest_Generation = YES;
				INFOPLIST_KEY_UIApplicationSupportsIndirectInputEvents = YES;
				INFOPLIST_KEY_UILaunchScreen_Generation = YES;
				INFOPLIST_KEY_UISupportedInterfaceOrientations_iPad = "UIInterfaceOrientationPortrait UIInterfaceOrientationPortraitUpsideDown UIInterfaceOrientationLandscapeLeft UIInterfaceOrientationLandscapeRight";
				INFOPLIST_KEY_UISupportedInterfaceOrientations_iPhone = "UIInterfaceOrientationPortrait UIInterfaceOrientationLandscapeLeft UIInterfaceOrientationLandscapeRight";
				LD_RUNPATH_SEARCH_PATHS = (
					"$(inherited)",
					"@executable_path/Frameworks",
				);
				MARKETING_VERSION = 1.0;
				PRODUCT_BUNDLE_IDENTIFIER = murphy.iosDevSean.SWPlanetsMVVM;
				PRODUCT_NAME = "$(TARGET_NAME)";
				SWIFT_EMIT_LOC_STRINGS = YES;
				SWIFT_VERSION = 5.0;
				TARGETED_DEVICE_FAMILY = "1,2";
			};
			name = Debug;
		};
		C43DFCC32A867E9C0093631C /* Release */ = {
			isa = XCBuildConfiguration;
			buildSettings = {
				ASSETCATALOG_COMPILER_APPICON_NAME = AppIcon;
				ASSETCATALOG_COMPILER_GLOBAL_ACCENT_COLOR_NAME = AccentColor;
				CODE_SIGN_STYLE = Automatic;
				CURRENT_PROJECT_VERSION = 1;
				DEVELOPMENT_ASSET_PATHS = "\"SWPlanetsMVVM/Preview Content\"";
				DEVELOPMENT_TEAM = X28T8ZG28R;
				ENABLE_PREVIEWS = YES;
				GENERATE_INFOPLIST_FILE = YES;
				INFOPLIST_KEY_UIApplicationSceneManifest_Generation = YES;
				INFOPLIST_KEY_UIApplicationSupportsIndirectInputEvents = YES;
				INFOPLIST_KEY_UILaunchScreen_Generation = YES;
				INFOPLIST_KEY_UISupportedInterfaceOrientations_iPad = "UIInterfaceOrientationPortrait UIInterfaceOrientationPortraitUpsideDown UIInterfaceOrientationLandscapeLeft UIInterfaceOrientationLandscapeRight";
				INFOPLIST_KEY_UISupportedInterfaceOrientations_iPhone = "UIInterfaceOrientationPortrait UIInterfaceOrientationLandscapeLeft UIInterfaceOrientationLandscapeRight";
				LD_RUNPATH_SEARCH_PATHS = (
					"$(inherited)",
					"@executable_path/Frameworks",
				);
				MARKETING_VERSION = 1.0;
				PRODUCT_BUNDLE_IDENTIFIER = murphy.iosDevSean.SWPlanetsMVVM;
				PRODUCT_NAME = "$(TARGET_NAME)";
				SWIFT_EMIT_LOC_STRINGS = YES;
				SWIFT_VERSION = 5.0;
				TARGETED_DEVICE_FAMILY = "1,2";
			};
			name = Release;
		};
		C43DFCC52A867E9C0093631C /* Debug */ = {
			isa = XCBuildConfiguration;
			buildSettings = {
				ALWAYS_EMBED_SWIFT_STANDARD_LIBRARIES = YES;
				BUNDLE_LOADER = "$(TEST_HOST)";
				CODE_SIGN_STYLE = Automatic;
				CURRENT_PROJECT_VERSION = 1;
				DEVELOPMENT_TEAM = X28T8ZG28R;
				GENERATE_INFOPLIST_FILE = YES;
				IPHONEOS_DEPLOYMENT_TARGET = 17.0;
				MARKETING_VERSION = 1.0;
				PRODUCT_BUNDLE_IDENTIFIER = murphy.iosDevSean.SWPlanetsMVVMTests;
				PRODUCT_NAME = "$(TARGET_NAME)";
				SWIFT_EMIT_LOC_STRINGS = NO;
				SWIFT_VERSION = 5.0;
				TARGETED_DEVICE_FAMILY = "1,2";
				TEST_HOST = "$(BUILT_PRODUCTS_DIR)/SWPlanetsMVVM.app/$(BUNDLE_EXECUTABLE_FOLDER_PATH)/SWPlanetsMVVM";
			};
			name = Debug;
		};
		C43DFCC62A867E9C0093631C /* Release */ = {
			isa = XCBuildConfiguration;
			buildSettings = {
				ALWAYS_EMBED_SWIFT_STANDARD_LIBRARIES = YES;
				BUNDLE_LOADER = "$(TEST_HOST)";
				CODE_SIGN_STYLE = Automatic;
				CURRENT_PROJECT_VERSION = 1;
				DEVELOPMENT_TEAM = X28T8ZG28R;
				GENERATE_INFOPLIST_FILE = YES;
				IPHONEOS_DEPLOYMENT_TARGET = 17.0;
				MARKETING_VERSION = 1.0;
				PRODUCT_BUNDLE_IDENTIFIER = murphy.iosDevSean.SWPlanetsMVVMTests;
				PRODUCT_NAME = "$(TARGET_NAME)";
				SWIFT_EMIT_LOC_STRINGS = NO;
				SWIFT_VERSION = 5.0;
				TARGETED_DEVICE_FAMILY = "1,2";
				TEST_HOST = "$(BUILT_PRODUCTS_DIR)/SWPlanetsMVVM.app/$(BUNDLE_EXECUTABLE_FOLDER_PATH)/SWPlanetsMVVM";
			};
			name = Release;
		};
		C43DFCC82A867E9C0093631C /* Debug */ = {
			isa = XCBuildConfiguration;
			buildSettings = {
				ALWAYS_EMBED_SWIFT_STANDARD_LIBRARIES = YES;
				CODE_SIGN_STYLE = Automatic;
				CURRENT_PROJECT_VERSION = 1;
				DEVELOPMENT_TEAM = X28T8ZG28R;
				GENERATE_INFOPLIST_FILE = YES;
				MARKETING_VERSION = 1.0;
				PRODUCT_BUNDLE_IDENTIFIER = murphy.iosDevSean.SWPlanetsMVVMUITests;
				PRODUCT_NAME = "$(TARGET_NAME)";
				SWIFT_EMIT_LOC_STRINGS = NO;
				SWIFT_VERSION = 5.0;
				TARGETED_DEVICE_FAMILY = "1,2";
				TEST_TARGET_NAME = SWPlanetsMVVM;
			};
			name = Debug;
		};
		C43DFCC92A867E9C0093631C /* Release */ = {
			isa = XCBuildConfiguration;
			buildSettings = {
				ALWAYS_EMBED_SWIFT_STANDARD_LIBRARIES = YES;
				CODE_SIGN_STYLE = Automatic;
				CURRENT_PROJECT_VERSION = 1;
				DEVELOPMENT_TEAM = X28T8ZG28R;
				GENERATE_INFOPLIST_FILE = YES;
				MARKETING_VERSION = 1.0;
				PRODUCT_BUNDLE_IDENTIFIER = murphy.iosDevSean.SWPlanetsMVVMUITests;
				PRODUCT_NAME = "$(TARGET_NAME)";
				SWIFT_EMIT_LOC_STRINGS = NO;
				SWIFT_VERSION = 5.0;
				TARGETED_DEVICE_FAMILY = "1,2";
				TEST_TARGET_NAME = SWPlanetsMVVM;
			};
			name = Release;
		};
/* End XCBuildConfiguration section */

/* Begin XCConfigurationList section */
		C43DFC962A867E9A0093631C /* Build configuration list for PBXProject "SWPlanetsMVVM" */ = {
			isa = XCConfigurationList;
			buildConfigurations = (
				C43DFCBF2A867E9C0093631C /* Debug */,
				C43DFCC02A867E9C0093631C /* Release */,
			);
			defaultConfigurationIsVisible = 0;
			defaultConfigurationName = Release;
		};
		C43DFCC12A867E9C0093631C /* Build configuration list for PBXNativeTarget "SWPlanetsMVVM" */ = {
			isa = XCConfigurationList;
			buildConfigurations = (
				C43DFCC22A867E9C0093631C /* Debug */,
				C43DFCC32A867E9C0093631C /* Release */,
			);
			defaultConfigurationIsVisible = 0;
			defaultConfigurationName = Release;
		};
		C43DFCC42A867E9C0093631C /* Build configuration list for PBXNativeTarget "SWPlanetsMVVMTests" */ = {
			isa = XCConfigurationList;
			buildConfigurations = (
				C43DFCC52A867E9C0093631C /* Debug */,
				C43DFCC62A867E9C0093631C /* Release */,
			);
			defaultConfigurationIsVisible = 0;
			defaultConfigurationName = Release;
		};
		C43DFCC72A867E9C0093631C /* Build configuration list for PBXNativeTarget "SWPlanetsMVVMUITests" */ = {
			isa = XCConfigurationList;
			buildConfigurations = (
				C43DFCC82A867E9C0093631C /* Debug */,
				C43DFCC92A867E9C0093631C /* Release */,
			);
			defaultConfigurationIsVisible = 0;
			defaultConfigurationName = Release;
		};
/* End XCConfigurationList section */
	};
	rootObject = C43DFC932A867E9A0093631C /* Project object */;
}
